{
  "name": "front",
  "version": "1.0.0",
  "lockfileVersion": 1,
  "requires": true,
  "dependencies": {
    "@dcloudio/uni-ui": {
      "version": "1.1.5",
      "resolved": "https://registry.npmjs.org/@dcloudio/uni-ui/-/uni-ui-1.1.5.tgz",
      "integrity": "sha512-qqBOf/z7WrXiJm3/iom1xBbGAXvLTar/tzmMFwJuvDZwjTnwoP0X+gEkHxz+IH21wH2gu7ykHJWsQajfqJN+fA=="
    }
  }
}
